Microsoft Visual Studio Solution File, Format Version 12.00
# Visual Studio Version 17
VisualStudioVersion = 17.7.4
MinimumVisualStudioVersion = 10.0.40219.1
Project("{FAE04EC0-301F-11D3-BF4B-00C04F79EFBC}") = "SecretManagerService.Api", "src\SecretManagerService.Api\SecretManagerService.Api.csproj", "{2A7D9908-130A-4E9B-812A-D476CA8D15D6}"
EndProject
Project("{FAE04EC0-301F-11D3-BF4B-00C04F79EFBC}") = "SecretManagerService.Application", "src\SecretManagerService.Application\SecretManagerService.Application.csproj", "{3FC3BF73-BCB6-4D7B-A484-7A09A5FC4D7A}"
EndProject
Project("{FAE04EC0-301F-11D3-BF4B-00C04F79EFBC}") = "SecretManagerService.Infrastructure", "src\SecretManagerService.Infrastructure\SecretManagerService.Infrastructure.csproj", "{3166C42B-D4BD-4C63-A18C-0EC18F3C01D9}"
EndProject
Project("{FAE04EC0-301F-11D3-BF4B-00C04F79EFBC}") = "SecretManagerService.Logging", "src\SecretManagerService.Logging\SecretManagerService.Logging.csproj", "{1F56E174-BE43-4BBB-8F78-2A775349A006}"
EndProject
Project("{FAE04EC0-301F-11D3-BF4B-00C04F79EFBC}") = "SecretManagerService.Tests", "tests\SecretManagerService.Tests\SecretManagerService.Tests.csproj", "{1E9E054F-D58D-4F30-8964-275EAD84E8D5}"
EndProject
Global
	GlobalSection(SolutionConfigurationPlatforms) = preSolution
		Debug|Any CPU = Debug|Any CPU
		Release|Any CPU = Release|Any CPU
	EndGlobalSection
	GlobalSection(ProjectConfigurationPlatforms) = postSolution
		{2A7D9908-130A-4E9B-812A-D476CA8D15D6}.Debug|Any CPU.ActiveCfg = Debug|Any CPU
		{2A7D9908-130A-4E9B-812A-D476CA8D15D6}.Debug|Any CPU.Build.0 = Debug|Any CPU
		{2A7D9908-130A-4E9B-812A-D476CA8D15D6}.Release|Any CPU.ActiveCfg = Release|Any CPU
		{2A7D9908-130A-4E9B-812A-D476CA8D15D6}.Release|Any CPU.Build.0 = Release|Any CPU
		{3FC3BF73-BCB6-4D7B-A484-7A09A5FC4D7A}.Debug|Any CPU.ActiveCfg = Debug|Any CPU
		{3FC3BF73-BCB6-4D7B-A484-7A09A5FC4D7A}.Debug|Any CPU.Build.0 = Debug|Any CPU
		{3FC3BF73-BCB6-4D7B-A484-7A09A5FC4D7A}.Release|Any CPU.ActiveCfg = Release|Any CPU
		{3FC3BF73-BCB6-4D7B-A484-7A09A5FC4D7A}.Release|Any CPU.Build.0 = Release|Any CPU
		{3166C42B-D4BD-4C63-A18C-0EC18F3C01D9}.Debug|Any CPU.ActiveCfg = Debug|Any CPU
		{3166C42B-D4BD-4C63-A18C-0EC18F3C01D9}.Debug|Any CPU.Build.0 = Debug|Any CPU
		{3166C42B-D4BD-4C63-A18C-0EC18F3C01D9}.Release|Any CPU.ActiveCfg = Release|Any CPU
		{3166C42B-D4BD-4C63-A18C-0EC18F3C01D9}.Release|Any CPU.Build.0 = Release|Any CPU
		{1F56E174-BE43-4BBB-8F78-2A775349A006}.Debug|Any CPU.ActiveCfg = Debug|Any CPU
		{1F56E174-BE43-4BBB-8F78-2A775349A006}.Debug|Any CPU.Build.0 = Debug|Any CPU
		{1F56E174-BE43-4BBB-8F78-2A775349A006}.Release|Any CPU.ActiveCfg = Release|Any CPU
		{1F56E174-BE43-4BBB-8F78-2A775349A006}.Release|Any CPU.Build.0 = Release|Any CPU
		{1E9E054F-D58D-4F30-8964-275EAD84E8D5}.Debug|Any CPU.ActiveCfg = Debug|Any CPU
		{1E9E054F-D58D-4F30-8964-275EAD84E8D5}.Debug|Any CPU.Build.0 = Debug|Any CPU
		{1E9E054F-D58D-4F30-8964-275EAD84E8D5}.Release|Any CPU.ActiveCfg = Release|Any CPU
		{1E9E054F-D58D-4F30-8964-275EAD84E8D5}.Release|Any CPU.Build.0 = Release|Any CPU
	EndGlobalSection
	GlobalSection(SolutionProperties) = preSolution
		HideSolutionNode = FALSE
	EndGlobalSection
	GlobalSection(ExtensibilityGlobals) = postSolution
		SolutionGuid = {8C5DA79D-4419-428A-BDB4-344187D01713}
	EndGlobalSection
EndGlobal
